
Microsoft Visual Studio Solution File, Format Version 12.00
# Visual Studio 2013
VisualStudioVersion = 12.0.31101.0
MinimumVisualStudioVersion = 10.0.40219.1
Project("{FAE04EC0-301F-11D3-BF4B-00C04F79EFBC}") = "App1", "App1\App1\App1.csproj", "{EA9EE08E-C7AE-4AC1-B528-B1374334272B}"
EndProject
Project("{FAE04EC0-301F-11D3-BF4B-00C04F79EFBC}") = "App1.iOS", "App1\App1.iOS\App1.iOS.csproj", "{87C2830A-057C-407F-9187-DC4ABA0397F0}"
EndProject
Project("{FAE04EC0-301F-11D3-BF4B-00C04F79EFBC}") = "App1.Droid", "App1\App1.Droid\App1.Droid.csproj", "{F46C0A45-4961-4CFC-B850-7019433BC1EE}"
EndProject
Global
	GlobalSection(SolutionConfigurationPlatforms) = preSolution
		Ad-Hoc|Any CPU = Ad-Hoc|Any CPU
		Ad-Hoc|iPhone = Ad-Hoc|iPhone
		Ad-Hoc|iPhoneSimulator = Ad-Hoc|iPhoneSimulator
		Ad-Hoc|Mixed Platforms = Ad-Hoc|Mixed Platforms
		AppStore|Any CPU = AppStore|Any CPU
		AppStore|iPhone = AppStore|iPhone
		AppStore|iPhoneSimulator = AppStore|iPhoneSimulator
		AppStore|Mixed Platforms = AppStore|Mixed Platforms
		Debug|Any CPU = Debug|Any CPU
		Debug|iPhone = Debug|iPhone
		Debug|iPhoneSimulator = Debug|iPhoneSimulator
		Debug|Mixed Platforms = Debug|Mixed Platforms
		Release|Any CPU = Release|Any CPU
		Release|iPhone = Release|iPhone
		Release|iPhoneSimulator = Release|iPhoneSimulator
		Release|Mixed Platforms = Release|Mixed Platforms
	EndGlobalSection
	GlobalSection(ProjectConfigurationPlatforms) = postSolution
		{EA9EE08E-C7AE-4AC1-B528-B1374334272B}.Ad-Hoc|Any CPU.ActiveCfg = Release|Any CPU
		{EA9EE08E-C7AE-4AC1-B528-B1374334272B}.Ad-Hoc|Any CPU.Build.0 = Release|Any CPU
		{EA9EE08E-C7AE-4AC1-B528-B1374334272B}.Ad-Hoc|iPhone.ActiveCfg = Release|Any CPU
		{EA9EE08E-C7AE-4AC1-B528-B1374334272B}.Ad-Hoc|iPhoneSimulator.ActiveCfg = Release|Any CPU
		{EA9EE08E-C7AE-4AC1-B528-B1374334272B}.Ad-Hoc|Mixed Platforms.ActiveCfg = Release|Any CPU
		{EA9EE08E-C7AE-4AC1-B528-B1374334272B}.Ad-Hoc|Mixed Platforms.Build.0 = Release|Any CPU
		{EA9EE08E-C7AE-4AC1-B528-B1374334272B}.AppStore|Any CPU.ActiveCfg = Release|Any CPU
		{EA9EE08E-C7AE-4AC1-B528-B1374334272B}.AppStore|Any CPU.Build.0 = Release|Any CPU
		{EA9EE08E-C7AE-4AC1-B528-B1374334272B}.AppStore|iPhone.ActiveCfg = Release|Any CPU
		{EA9EE08E-C7AE-4AC1-B528-B1374334272B}.AppStore|iPhoneSimulator.ActiveCfg = Release|Any CPU
		{EA9EE08E-C7AE-4AC1-B528-B1374334272B}.AppStore|Mixed Platforms.ActiveCfg = Release|Any CPU
		{EA9EE08E-C7AE-4AC1-B528-B1374334272B}.AppStore|Mixed Platforms.Build.0 = Release|Any CPU
		{EA9EE08E-C7AE-4AC1-B528-B1374334272B}.Debug|Any CPU.ActiveCfg = Debug|Any CPU
		{EA9EE08E-C7AE-4AC1-B528-B1374334272B}.Debug|Any CPU.Build.0 = Debug|Any CPU
		{EA9EE08E-C7AE-4AC1-B528-B1374334272B}.Debug|iPhone.ActiveCfg = Debug|Any CPU
		{EA9EE08E-C7AE-4AC1-B528-B1374334272B}.Debug|iPhoneSimulator.ActiveCfg = Debug|Any CPU
		{EA9EE08E-C7AE-4AC1-B528-B1374334272B}.Debug|Mixed Platforms.ActiveCfg = Debug|Any CPU
		{EA9EE08E-C7AE-4AC1-B528-B1374334272B}.Debug|Mixed Platforms.Build.0 = Debug|Any CPU
		{EA9EE08E-C7AE-4AC1-B528-B1374334272B}.Release|Any CPU.ActiveCfg = Release|Any CPU
		{EA9EE08E-C7AE-4AC1-B528-B1374334272B}.Release|Any CPU.Build.0 = Release|Any CPU
		{EA9EE08E-C7AE-4AC1-B528-B1374334272B}.Release|iPhone.ActiveCfg = Release|Any CPU
		{EA9EE08E-C7AE-4AC1-B528-B1374334272B}.Release|iPhoneSimulator.ActiveCfg = Release|Any CPU
		{EA9EE08E-C7AE-4AC1-B528-B1374334272B}.Release|Mixed Platforms.ActiveCfg = Release|Any CPU
		{EA9EE08E-C7AE-4AC1-B528-B1374334272B}.Release|Mixed Platforms.Build.0 = Release|Any CPU
		{87C2830A-057C-407F-9187-DC4ABA0397F0}.Ad-Hoc|Any CPU.ActiveCfg = Ad-Hoc|iPhone
		{87C2830A-057C-407F-9187-DC4ABA0397F0}.Ad-Hoc|iPhone.ActiveCfg = Ad-Hoc|iPhone
		{87C2830A-057C-407F-9187-DC4ABA0397F0}.Ad-Hoc|iPhone.Build.0 = Ad-Hoc|iPhone
		{87C2830A-057C-407F-9187-DC4ABA0397F0}.Ad-Hoc|iPhoneSimulator.ActiveCfg = Ad-Hoc|iPhoneSimulator
		{87C2830A-057C-407F-9187-DC4ABA0397F0}.Ad-Hoc|iPhoneSimulator.Build.0 = Ad-Hoc|iPhoneSimulator
		{87C2830A-057C-407F-9187-DC4ABA0397F0}.Ad-Hoc|Mixed Platforms.ActiveCfg = Ad-Hoc|iPhone
		{87C2830A-057C-407F-9187-DC4ABA0397F0}.Ad-Hoc|Mixed Platforms.Build.0 = Ad-Hoc|iPhone
		{87C2830A-057C-407F-9187-DC4ABA0397F0}.AppStore|Any CPU.ActiveCfg = AppStore|iPhone
		{87C2830A-057C-407F-9187-DC4ABA0397F0}.AppStore|iPhone.ActiveCfg = AppStore|iPhone
		{87C2830A-057C-407F-9187-DC4ABA0397F0}.AppStore|iPhone.Build.0 = AppStore|iPhone
		{87C2830A-057C-407F-9187-DC4ABA0397F0}.AppStore|iPhoneSimulator.ActiveCfg = AppStore|iPhoneSimulator
		{87C2830A-057C-407F-9187-DC4ABA0397F0}.AppStore|iPhoneSimulator.Build.0 = AppStore|iPhoneSimulator
		{87C2830A-057C-407F-9187-DC4ABA0397F0}.AppStore|Mixed Platforms.ActiveCfg = AppStore|iPhone
		{87C2830A-057C-407F-9187-DC4ABA0397F0}.AppStore|Mixed Platforms.Build.0 = AppStore|iPhone
		{87C2830A-057C-407F-9187-DC4ABA0397F0}.Debug|Any CPU.ActiveCfg = Debug|iPhone
		{87C2830A-057C-407F-9187-DC4ABA0397F0}.Debug|iPhone.ActiveCfg = Debug|iPhone
		{87C2830A-057C-407F-9187-DC4ABA0397F0}.Debug|iPhone.Build.0 = Debug|iPhone
		{87C2830A-057C-407F-9187-DC4ABA0397F0}.Debug|iPhoneSimulator.ActiveCfg = Debug|iPhoneSimulator
		{87C2830A-057C-407F-9187-DC4ABA0397F0}.Debug|iPhoneSimulator.Build.0 = Debug|iPhoneSimulator
		{87C2830A-057C-407F-9187-DC4ABA0397F0}.Debug|Mixed Platforms.ActiveCfg = Debug|iPhone
		{87C2830A-057C-407F-9187-DC4ABA0397F0}.Debug|Mixed Platforms.Build.0 = Debug|iPhone
		{87C2830A-057C-407F-9187-DC4ABA0397F0}.Release|Any CPU.ActiveCfg = Release|iPhone
		{87C2830A-057C-407F-9187-DC4ABA0397F0}.Release|iPhone.ActiveCfg = Release|iPhone
		{87C2830A-057C-407F-9187-DC4ABA0397F0}.Release|iPhone.Build.0 = Release|iPhone
		{87C2830A-057C-407F-9187-DC4ABA0397F0}.Release|iPhoneSimulator.ActiveCfg = Release|iPhoneSimulator
		{87C2830A-057C-407F-9187-DC4ABA0397F0}.Release|iPhoneSimulator.Build.0 = Release|iPhoneSimulator
		{87C2830A-057C-407F-9187-DC4ABA0397F0}.Release|Mixed Platforms.ActiveCfg = Release|iPhone
		{87C2830A-057C-407F-9187-DC4ABA0397F0}.Release|Mixed Platforms.Build.0 = Release|iPhone
		{F46C0A45-4961-4CFC-B850-7019433BC1EE}.Ad-Hoc|Any CPU.ActiveCfg = Release|Any CPU
		{F46C0A45-4961-4CFC-B850-7019433BC1EE}.Ad-Hoc|Any CPU.Build.0 = Release|Any CPU
		{F46C0A45-4961-4CFC-B850-7019433BC1EE}.Ad-Hoc|Any CPU.Deploy.0 = Release|Any CPU
		{F46C0A45-4961-4CFC-B850-7019433BC1EE}.Ad-Hoc|iPhone.ActiveCfg = Release|Any CPU
		{F46C0A45-4961-4CFC-B850-7019433BC1EE}.Ad-Hoc|iPhoneSimulator.ActiveCfg = Release|Any CPU
		{F46C0A45-4961-4CFC-B850-7019433BC1EE}.Ad-Hoc|Mixed Platforms.ActiveCfg = Release|Any CPU
		{F46C0A45-4961-4CFC-B850-7019433BC1EE}.Ad-Hoc|Mixed Platforms.Build.0 = Release|Any CPU
		{F46C0A45-4961-4CFC-B850-7019433BC1EE}.Ad-Hoc|Mixed Platforms.Deploy.0 = Release|Any CPU
		{F46C0A45-4961-4CFC-B850-7019433BC1EE}.AppStore|Any CPU.ActiveCfg = Release|Any CPU
		{F46C0A45-4961-4CFC-B850-7019433BC1EE}.AppStore|Any CPU.Build.0 = Release|Any CPU
		{F46C0A45-4961-4CFC-B850-7019433BC1EE}.AppStore|Any CPU.Deploy.0 = Release|Any CPU
		{F46C0A45-4961-4CFC-B850-7019433BC1EE}.AppStore|iPhone.ActiveCfg = Release|Any CPU
		{F46C0A45-4961-4CFC-B850-7019433BC1EE}.AppStore|iPhoneSimulator.ActiveCfg = Release|Any CPU
		{F46C0A45-4961-4CFC-B850-7019433BC1EE}.AppStore|Mixed Platforms.ActiveCfg = Release|Any CPU
		{F46C0A45-4961-4CFC-B850-7019433BC1EE}.AppStore|Mixed Platforms.Build.0 = Release|Any CPU
		{F46C0A45-4961-4CFC-B850-7019433BC1EE}.AppStore|Mixed Platforms.Deploy.0 = Release|Any CPU
		{F46C0A45-4961-4CFC-B850-7019433BC1EE}.Debug|Any CPU.ActiveCfg = Debug|Any CPU
		{F46C0A45-4961-4CFC-B850-7019433BC1EE}.Debug|Any CPU.Build.0 = Debug|Any CPU
		{F46C0A45-4961-4CFC-B850-7019433BC1EE}.Debug|Any CPU.Deploy.0 = Debug|Any CPU
		{F46C0A45-4961-4CFC-B850-7019433BC1EE}.Debug|iPhone.ActiveCfg = Debug|Any CPU
		{F46C0A45-4961-4CFC-B850-7019433BC1EE}.Debug|iPhoneSimulator.ActiveCfg = Debug|Any CPU
		{F46C0A45-4961-4CFC-B850-7019433BC1EE}.Debug|Mixed Platforms.ActiveCfg = Debug|Any CPU
		{F46C0A45-4961-4CFC-B850-7019433BC1EE}.Debug|Mixed Platforms.Build.0 = Debug|Any CPU
		{F46C0A45-4961-4CFC-B850-7019433BC1EE}.Debug|Mixed Platforms.Deploy.0 = Debug|Any CPU
		{F46C0A45-4961-4CFC-B850-7019433BC1EE}.Release|Any CPU.ActiveCfg = Release|Any CPU
		{F46C0A45-4961-4CFC-B850-7019433BC1EE}.Release|Any CPU.Build.0 = Release|Any CPU
		{F46C0A45-4961-4CFC-B850-7019433BC1EE}.Release|Any CPU.Deploy.0 = Release|Any CPU
		{F46C0A45-4961-4CFC-B850-7019433BC1EE}.Release|iPhone.ActiveCfg = Release|Any CPU
		{F46C0A45-4961-4CFC-B850-7019433BC1EE}.Release|iPhoneSimulator.ActiveCfg = Release|Any CPU
		{F46C0A45-4961-4CFC-B850-7019433BC1EE}.Release|Mixed Platforms.ActiveCfg = Release|Any CPU
		{F46C0A45-4961-4CFC-B850-7019433BC1EE}.Release|Mixed Platforms.Build.0 = Release|Any CPU
		{F46C0A45-4961-4CFC-B850-7019433BC1EE}.Release|Mixed Platforms.Deploy.0 = Release|Any CPU
	EndGlobalSection
	GlobalSection(SolutionProperties) = preSolution
		HideSolutionNode = FALSE
	EndGlobalSection
EndGlobal
