
Microsoft Visual Studio Solution File, Format Version 12.00
# Visual Studio 2012
Project("{FAE04EC0-301F-11D3-BF4B-00C04F79EFBC}") = "StyleSheets", "StyleSheets\StyleSheets.csproj", "{C97DC3CD-FF0D-401F-AF7F-7384DE140B9F}"
EndProject
Project("{FAE04EC0-301F-11D3-BF4B-00C04F79EFBC}") = "StyleSheets.iOS", "iOS\StyleSheets.iOS.csproj", "{B47B081F-DD21-408B-AF86-F6EC5A886704}"
EndProject
Project("{FAE04EC0-301F-11D3-BF4B-00C04F79EFBC}") = "StyleSheets.Droid", "Droid\StyleSheets.Droid.csproj", "{670E000F-2EC0-4DB4-8544-24FF3CB1DDD9}"
EndProject
Global
	GlobalSection(SolutionConfigurationPlatforms) = preSolution
		Debug|Any CPU = Debug|Any CPU
		Release|Any CPU = Release|Any CPU
		Debug|iPhoneSimulator = Debug|iPhoneSimulator
		Release|iPhone = Release|iPhone
		Release|iPhoneSimulator = Release|iPhoneSimulator
		Debug|iPhone = Debug|iPhone
	EndGlobalSection
	GlobalSection(ProjectConfigurationPlatforms) = postSolution
		{C97DC3CD-FF0D-401F-AF7F-7384DE140B9F}.Debug|Any CPU.ActiveCfg = Debug|Any CPU
		{C97DC3CD-FF0D-401F-AF7F-7384DE140B9F}.Debug|Any CPU.Build.0 = Debug|Any CPU
		{C97DC3CD-FF0D-401F-AF7F-7384DE140B9F}.Release|Any CPU.ActiveCfg = Release|Any CPU
		{C97DC3CD-FF0D-401F-AF7F-7384DE140B9F}.Release|Any CPU.Build.0 = Release|Any CPU
		{C97DC3CD-FF0D-401F-AF7F-7384DE140B9F}.Debug|iPhoneSimulator.ActiveCfg = Debug|Any CPU
		{C97DC3CD-FF0D-401F-AF7F-7384DE140B9F}.Debug|iPhoneSimulator.Build.0 = Debug|Any CPU
		{C97DC3CD-FF0D-401F-AF7F-7384DE140B9F}.Release|iPhone.ActiveCfg = Release|Any CPU
		{C97DC3CD-FF0D-401F-AF7F-7384DE140B9F}.Release|iPhone.Build.0 = Release|Any CPU
		{C97DC3CD-FF0D-401F-AF7F-7384DE140B9F}.Release|iPhoneSimulator.ActiveCfg = Release|Any CPU
		{C97DC3CD-FF0D-401F-AF7F-7384DE140B9F}.Release|iPhoneSimulator.Build.0 = Release|Any CPU
		{C97DC3CD-FF0D-401F-AF7F-7384DE140B9F}.Debug|iPhone.ActiveCfg = Debug|Any CPU
		{C97DC3CD-FF0D-401F-AF7F-7384DE140B9F}.Debug|iPhone.Build.0 = Debug|Any CPU
		{B47B081F-DD21-408B-AF86-F6EC5A886704}.Debug|Any CPU.ActiveCfg = Debug|iPhoneSimulator
		{B47B081F-DD21-408B-AF86-F6EC5A886704}.Debug|Any CPU.Build.0 = Debug|iPhoneSimulator
		{B47B081F-DD21-408B-AF86-F6EC5A886704}.Release|Any CPU.ActiveCfg = Release|iPhone
		{B47B081F-DD21-408B-AF86-F6EC5A886704}.Release|Any CPU.Build.0 = Release|iPhone
		{B47B081F-DD21-408B-AF86-F6EC5A886704}.Debug|iPhoneSimulator.ActiveCfg = Debug|iPhoneSimulator
		{B47B081F-DD21-408B-AF86-F6EC5A886704}.Debug|iPhoneSimulator.Build.0 = Debug|iPhoneSimulator
		{B47B081F-DD21-408B-AF86-F6EC5A886704}.Release|iPhone.ActiveCfg = Release|iPhone
		{B47B081F-DD21-408B-AF86-F6EC5A886704}.Release|iPhone.Build.0 = Release|iPhone
		{B47B081F-DD21-408B-AF86-F6EC5A886704}.Release|iPhoneSimulator.ActiveCfg = Release|iPhoneSimulator
		{B47B081F-DD21-408B-AF86-F6EC5A886704}.Release|iPhoneSimulator.Build.0 = Release|iPhoneSimulator
		{B47B081F-DD21-408B-AF86-F6EC5A886704}.Debug|iPhone.ActiveCfg = Debug|iPhone
		{B47B081F-DD21-408B-AF86-F6EC5A886704}.Debug|iPhone.Build.0 = Debug|iPhone
		{670E000F-2EC0-4DB4-8544-24FF3CB1DDD9}.Debug|Any CPU.ActiveCfg = Debug|Any CPU
		{670E000F-2EC0-4DB4-8544-24FF3CB1DDD9}.Debug|Any CPU.Build.0 = Debug|Any CPU
		{670E000F-2EC0-4DB4-8544-24FF3CB1DDD9}.Release|Any CPU.ActiveCfg = Release|Any CPU
		{670E000F-2EC0-4DB4-8544-24FF3CB1DDD9}.Release|Any CPU.Build.0 = Release|Any CPU
		{670E000F-2EC0-4DB4-8544-24FF3CB1DDD9}.Debug|iPhoneSimulator.ActiveCfg = Debug|Any CPU
		{670E000F-2EC0-4DB4-8544-24FF3CB1DDD9}.Debug|iPhoneSimulator.Build.0 = Debug|Any CPU
		{670E000F-2EC0-4DB4-8544-24FF3CB1DDD9}.Release|iPhone.ActiveCfg = Release|Any CPU
		{670E000F-2EC0-4DB4-8544-24FF3CB1DDD9}.Release|iPhone.Build.0 = Release|Any CPU
		{670E000F-2EC0-4DB4-8544-24FF3CB1DDD9}.Release|iPhoneSimulator.ActiveCfg = Release|Any CPU
		{670E000F-2EC0-4DB4-8544-24FF3CB1DDD9}.Release|iPhoneSimulator.Build.0 = Release|Any CPU
		{670E000F-2EC0-4DB4-8544-24FF3CB1DDD9}.Debug|iPhone.ActiveCfg = Debug|Any CPU
		{670E000F-2EC0-4DB4-8544-24FF3CB1DDD9}.Debug|iPhone.Build.0 = Debug|Any CPU
	EndGlobalSection
EndGlobal
