
Microsoft Visual Studio Solution File, Format Version 12.00
# Visual Studio 2012
Project("{FAE04EC0-301F-11D3-BF4B-00C04F79EFBC}") = "AulaSeis", "AulaSeis\AulaSeis.csproj", "{B987F035-94A4-440E-AF72-30C3AD50BDE1}"
EndProject
Project("{FAE04EC0-301F-11D3-BF4B-00C04F79EFBC}") = "AulaSeis.iOS", "iOS\AulaSeis.iOS.csproj", "{AE41E053-8C35-4033-8148-4FFF78333CCE}"
EndProject
Project("{FAE04EC0-301F-11D3-BF4B-00C04F79EFBC}") = "AulaSeis.Droid", "Droid\AulaSeis.Droid.csproj", "{210D52F5-A217-47AA-B852-D9B4D2E680D2}"
EndProject
Global
	GlobalSection(SolutionConfigurationPlatforms) = preSolution
		Debug|Any CPU = Debug|Any CPU
		Release|Any CPU = Release|Any CPU
		Debug|iPhoneSimulator = Debug|iPhoneSimulator
		Release|iPhone = Release|iPhone
		Release|iPhoneSimulator = Release|iPhoneSimulator
		Debug|iPhone = Debug|iPhone
	EndGlobalSection
	GlobalSection(ProjectConfigurationPlatforms) = postSolution
		{B987F035-94A4-440E-AF72-30C3AD50BDE1}.Debug|Any CPU.ActiveCfg = Debug|Any CPU
		{B987F035-94A4-440E-AF72-30C3AD50BDE1}.Debug|Any CPU.Build.0 = Debug|Any CPU
		{B987F035-94A4-440E-AF72-30C3AD50BDE1}.Release|Any CPU.ActiveCfg = Release|Any CPU
		{B987F035-94A4-440E-AF72-30C3AD50BDE1}.Release|Any CPU.Build.0 = Release|Any CPU
		{B987F035-94A4-440E-AF72-30C3AD50BDE1}.Debug|iPhoneSimulator.ActiveCfg = Debug|Any CPU
		{B987F035-94A4-440E-AF72-30C3AD50BDE1}.Debug|iPhoneSimulator.Build.0 = Debug|Any CPU
		{B987F035-94A4-440E-AF72-30C3AD50BDE1}.Release|iPhone.ActiveCfg = Release|Any CPU
		{B987F035-94A4-440E-AF72-30C3AD50BDE1}.Release|iPhone.Build.0 = Release|Any CPU
		{B987F035-94A4-440E-AF72-30C3AD50BDE1}.Release|iPhoneSimulator.ActiveCfg = Release|Any CPU
		{B987F035-94A4-440E-AF72-30C3AD50BDE1}.Release|iPhoneSimulator.Build.0 = Release|Any CPU
		{B987F035-94A4-440E-AF72-30C3AD50BDE1}.Debug|iPhone.ActiveCfg = Debug|Any CPU
		{B987F035-94A4-440E-AF72-30C3AD50BDE1}.Debug|iPhone.Build.0 = Debug|Any CPU
		{AE41E053-8C35-4033-8148-4FFF78333CCE}.Debug|Any CPU.ActiveCfg = Debug|iPhoneSimulator
		{AE41E053-8C35-4033-8148-4FFF78333CCE}.Debug|Any CPU.Build.0 = Debug|iPhoneSimulator
		{AE41E053-8C35-4033-8148-4FFF78333CCE}.Release|Any CPU.ActiveCfg = Release|iPhone
		{AE41E053-8C35-4033-8148-4FFF78333CCE}.Release|Any CPU.Build.0 = Release|iPhone
		{AE41E053-8C35-4033-8148-4FFF78333CCE}.Debug|iPhoneSimulator.ActiveCfg = Debug|iPhoneSimulator
		{AE41E053-8C35-4033-8148-4FFF78333CCE}.Debug|iPhoneSimulator.Build.0 = Debug|iPhoneSimulator
		{AE41E053-8C35-4033-8148-4FFF78333CCE}.Release|iPhone.ActiveCfg = Release|iPhone
		{AE41E053-8C35-4033-8148-4FFF78333CCE}.Release|iPhone.Build.0 = Release|iPhone
		{AE41E053-8C35-4033-8148-4FFF78333CCE}.Release|iPhoneSimulator.ActiveCfg = Release|iPhoneSimulator
		{AE41E053-8C35-4033-8148-4FFF78333CCE}.Release|iPhoneSimulator.Build.0 = Release|iPhoneSimulator
		{AE41E053-8C35-4033-8148-4FFF78333CCE}.Debug|iPhone.ActiveCfg = Debug|iPhone
		{AE41E053-8C35-4033-8148-4FFF78333CCE}.Debug|iPhone.Build.0 = Debug|iPhone
		{210D52F5-A217-47AA-B852-D9B4D2E680D2}.Debug|Any CPU.ActiveCfg = Debug|Any CPU
		{210D52F5-A217-47AA-B852-D9B4D2E680D2}.Debug|Any CPU.Build.0 = Debug|Any CPU
		{210D52F5-A217-47AA-B852-D9B4D2E680D2}.Release|Any CPU.ActiveCfg = Release|Any CPU
		{210D52F5-A217-47AA-B852-D9B4D2E680D2}.Release|Any CPU.Build.0 = Release|Any CPU
		{210D52F5-A217-47AA-B852-D9B4D2E680D2}.Debug|iPhoneSimulator.ActiveCfg = Debug|Any CPU
		{210D52F5-A217-47AA-B852-D9B4D2E680D2}.Debug|iPhoneSimulator.Build.0 = Debug|Any CPU
		{210D52F5-A217-47AA-B852-D9B4D2E680D2}.Release|iPhone.ActiveCfg = Release|Any CPU
		{210D52F5-A217-47AA-B852-D9B4D2E680D2}.Release|iPhone.Build.0 = Release|Any CPU
		{210D52F5-A217-47AA-B852-D9B4D2E680D2}.Release|iPhoneSimulator.ActiveCfg = Release|Any CPU
		{210D52F5-A217-47AA-B852-D9B4D2E680D2}.Release|iPhoneSimulator.Build.0 = Release|Any CPU
		{210D52F5-A217-47AA-B852-D9B4D2E680D2}.Debug|iPhone.ActiveCfg = Debug|Any CPU
		{210D52F5-A217-47AA-B852-D9B4D2E680D2}.Debug|iPhone.Build.0 = Debug|Any CPU
	EndGlobalSection
EndGlobal
