
Microsoft Visual Studio Solution File, Format Version 12.00
# Visual Studio 2012
Project("{FAE04EC0-301F-11D3-BF4B-00C04F79EFBC}") = "ListViewExample", "ListViewExample\ListViewExample.csproj", "{F6D5F357-22FF-46C2-8F5B-3C34612354F3}"
EndProject
Project("{FAE04EC0-301F-11D3-BF4B-00C04F79EFBC}") = "ListViewExample.iOS", "iOS\ListViewExample.iOS.csproj", "{093DC899-20BD-45A8-A258-096B1D7FE2EE}"
EndProject
Project("{FAE04EC0-301F-11D3-BF4B-00C04F79EFBC}") = "ListViewExample.Droid", "Droid\ListViewExample.Droid.csproj", "{6B27434A-EFD2-4C9C-AF4C-6EA8BA8A39B6}"
EndProject
Global
	GlobalSection(SolutionConfigurationPlatforms) = preSolution
		Debug|Any CPU = Debug|Any CPU
		Release|Any CPU = Release|Any CPU
		Debug|iPhoneSimulator = Debug|iPhoneSimulator
		Release|iPhone = Release|iPhone
		Release|iPhoneSimulator = Release|iPhoneSimulator
		Debug|iPhone = Debug|iPhone
	EndGlobalSection
	GlobalSection(ProjectConfigurationPlatforms) = postSolution
		{F6D5F357-22FF-46C2-8F5B-3C34612354F3}.Debug|Any CPU.ActiveCfg = Debug|Any CPU
		{F6D5F357-22FF-46C2-8F5B-3C34612354F3}.Debug|Any CPU.Build.0 = Debug|Any CPU
		{F6D5F357-22FF-46C2-8F5B-3C34612354F3}.Release|Any CPU.ActiveCfg = Release|Any CPU
		{F6D5F357-22FF-46C2-8F5B-3C34612354F3}.Release|Any CPU.Build.0 = Release|Any CPU
		{F6D5F357-22FF-46C2-8F5B-3C34612354F3}.Debug|iPhoneSimulator.ActiveCfg = Debug|Any CPU
		{F6D5F357-22FF-46C2-8F5B-3C34612354F3}.Debug|iPhoneSimulator.Build.0 = Debug|Any CPU
		{F6D5F357-22FF-46C2-8F5B-3C34612354F3}.Release|iPhone.ActiveCfg = Release|Any CPU
		{F6D5F357-22FF-46C2-8F5B-3C34612354F3}.Release|iPhone.Build.0 = Release|Any CPU
		{F6D5F357-22FF-46C2-8F5B-3C34612354F3}.Release|iPhoneSimulator.ActiveCfg = Release|Any CPU
		{F6D5F357-22FF-46C2-8F5B-3C34612354F3}.Release|iPhoneSimulator.Build.0 = Release|Any CPU
		{F6D5F357-22FF-46C2-8F5B-3C34612354F3}.Debug|iPhone.ActiveCfg = Debug|Any CPU
		{F6D5F357-22FF-46C2-8F5B-3C34612354F3}.Debug|iPhone.Build.0 = Debug|Any CPU
		{093DC899-20BD-45A8-A258-096B1D7FE2EE}.Debug|Any CPU.ActiveCfg = Debug|iPhoneSimulator
		{093DC899-20BD-45A8-A258-096B1D7FE2EE}.Debug|Any CPU.Build.0 = Debug|iPhoneSimulator
		{093DC899-20BD-45A8-A258-096B1D7FE2EE}.Release|Any CPU.ActiveCfg = Release|iPhone
		{093DC899-20BD-45A8-A258-096B1D7FE2EE}.Release|Any CPU.Build.0 = Release|iPhone
		{093DC899-20BD-45A8-A258-096B1D7FE2EE}.Debug|iPhoneSimulator.ActiveCfg = Debug|iPhoneSimulator
		{093DC899-20BD-45A8-A258-096B1D7FE2EE}.Debug|iPhoneSimulator.Build.0 = Debug|iPhoneSimulator
		{093DC899-20BD-45A8-A258-096B1D7FE2EE}.Release|iPhone.ActiveCfg = Release|iPhone
		{093DC899-20BD-45A8-A258-096B1D7FE2EE}.Release|iPhone.Build.0 = Release|iPhone
		{093DC899-20BD-45A8-A258-096B1D7FE2EE}.Release|iPhoneSimulator.ActiveCfg = Release|iPhoneSimulator
		{093DC899-20BD-45A8-A258-096B1D7FE2EE}.Release|iPhoneSimulator.Build.0 = Release|iPhoneSimulator
		{093DC899-20BD-45A8-A258-096B1D7FE2EE}.Debug|iPhone.ActiveCfg = Debug|iPhone
		{093DC899-20BD-45A8-A258-096B1D7FE2EE}.Debug|iPhone.Build.0 = Debug|iPhone
		{6B27434A-EFD2-4C9C-AF4C-6EA8BA8A39B6}.Debug|Any CPU.ActiveCfg = Debug|Any CPU
		{6B27434A-EFD2-4C9C-AF4C-6EA8BA8A39B6}.Debug|Any CPU.Build.0 = Debug|Any CPU
		{6B27434A-EFD2-4C9C-AF4C-6EA8BA8A39B6}.Release|Any CPU.ActiveCfg = Release|Any CPU
		{6B27434A-EFD2-4C9C-AF4C-6EA8BA8A39B6}.Release|Any CPU.Build.0 = Release|Any CPU
		{6B27434A-EFD2-4C9C-AF4C-6EA8BA8A39B6}.Debug|iPhoneSimulator.ActiveCfg = Debug|Any CPU
		{6B27434A-EFD2-4C9C-AF4C-6EA8BA8A39B6}.Debug|iPhoneSimulator.Build.0 = Debug|Any CPU
		{6B27434A-EFD2-4C9C-AF4C-6EA8BA8A39B6}.Release|iPhone.ActiveCfg = Release|Any CPU
		{6B27434A-EFD2-4C9C-AF4C-6EA8BA8A39B6}.Release|iPhone.Build.0 = Release|Any CPU
		{6B27434A-EFD2-4C9C-AF4C-6EA8BA8A39B6}.Release|iPhoneSimulator.ActiveCfg = Release|Any CPU
		{6B27434A-EFD2-4C9C-AF4C-6EA8BA8A39B6}.Release|iPhoneSimulator.Build.0 = Release|Any CPU
		{6B27434A-EFD2-4C9C-AF4C-6EA8BA8A39B6}.Debug|iPhone.ActiveCfg = Debug|Any CPU
		{6B27434A-EFD2-4C9C-AF4C-6EA8BA8A39B6}.Debug|iPhone.Build.0 = Debug|Any CPU
	EndGlobalSection
EndGlobal
