
Microsoft Visual Studio Solution File, Format Version 12.00
# Visual Studio 2012
Project("{FAE04EC0-301F-11D3-BF4B-00C04F79EFBC}") = "FeiraMTG", "FeiraMTG\FeiraMTG.csproj", "{893E04B2-B5A6-46EA-8906-A40ECB1D5928}"
EndProject
Project("{FAE04EC0-301F-11D3-BF4B-00C04F79EFBC}") = "FeiraMTG.iOS", "iOS\FeiraMTG.iOS.csproj", "{93B56717-757D-4022-BBAA-72EB017D42C5}"
EndProject
Project("{FAE04EC0-301F-11D3-BF4B-00C04F79EFBC}") = "FeiraMTG.Droid", "Droid\FeiraMTG.Droid.csproj", "{09A20975-63F0-49BA-8B60-2CD211AF156F}"
EndProject
Global
	GlobalSection(SolutionConfigurationPlatforms) = preSolution
		Debug|Any CPU = Debug|Any CPU
		Release|Any CPU = Release|Any CPU
		Debug|iPhoneSimulator = Debug|iPhoneSimulator
		Release|iPhone = Release|iPhone
		Release|iPhoneSimulator = Release|iPhoneSimulator
		Debug|iPhone = Debug|iPhone
	EndGlobalSection
	GlobalSection(ProjectConfigurationPlatforms) = postSolution
		{893E04B2-B5A6-46EA-8906-A40ECB1D5928}.Debug|Any CPU.ActiveCfg = Debug|Any CPU
		{893E04B2-B5A6-46EA-8906-A40ECB1D5928}.Debug|Any CPU.Build.0 = Debug|Any CPU
		{893E04B2-B5A6-46EA-8906-A40ECB1D5928}.Release|Any CPU.ActiveCfg = Release|Any CPU
		{893E04B2-B5A6-46EA-8906-A40ECB1D5928}.Release|Any CPU.Build.0 = Release|Any CPU
		{893E04B2-B5A6-46EA-8906-A40ECB1D5928}.Debug|iPhoneSimulator.ActiveCfg = Debug|Any CPU
		{893E04B2-B5A6-46EA-8906-A40ECB1D5928}.Debug|iPhoneSimulator.Build.0 = Debug|Any CPU
		{893E04B2-B5A6-46EA-8906-A40ECB1D5928}.Release|iPhone.ActiveCfg = Release|Any CPU
		{893E04B2-B5A6-46EA-8906-A40ECB1D5928}.Release|iPhone.Build.0 = Release|Any CPU
		{893E04B2-B5A6-46EA-8906-A40ECB1D5928}.Release|iPhoneSimulator.ActiveCfg = Release|Any CPU
		{893E04B2-B5A6-46EA-8906-A40ECB1D5928}.Release|iPhoneSimulator.Build.0 = Release|Any CPU
		{893E04B2-B5A6-46EA-8906-A40ECB1D5928}.Debug|iPhone.ActiveCfg = Debug|Any CPU
		{893E04B2-B5A6-46EA-8906-A40ECB1D5928}.Debug|iPhone.Build.0 = Debug|Any CPU
		{93B56717-757D-4022-BBAA-72EB017D42C5}.Debug|Any CPU.ActiveCfg = Debug|iPhoneSimulator
		{93B56717-757D-4022-BBAA-72EB017D42C5}.Debug|Any CPU.Build.0 = Debug|iPhoneSimulator
		{93B56717-757D-4022-BBAA-72EB017D42C5}.Release|Any CPU.ActiveCfg = Release|iPhone
		{93B56717-757D-4022-BBAA-72EB017D42C5}.Release|Any CPU.Build.0 = Release|iPhone
		{93B56717-757D-4022-BBAA-72EB017D42C5}.Debug|iPhoneSimulator.ActiveCfg = Debug|iPhoneSimulator
		{93B56717-757D-4022-BBAA-72EB017D42C5}.Debug|iPhoneSimulator.Build.0 = Debug|iPhoneSimulator
		{93B56717-757D-4022-BBAA-72EB017D42C5}.Release|iPhone.ActiveCfg = Release|iPhone
		{93B56717-757D-4022-BBAA-72EB017D42C5}.Release|iPhone.Build.0 = Release|iPhone
		{93B56717-757D-4022-BBAA-72EB017D42C5}.Release|iPhoneSimulator.ActiveCfg = Release|iPhoneSimulator
		{93B56717-757D-4022-BBAA-72EB017D42C5}.Release|iPhoneSimulator.Build.0 = Release|iPhoneSimulator
		{93B56717-757D-4022-BBAA-72EB017D42C5}.Debug|iPhone.ActiveCfg = Debug|iPhone
		{93B56717-757D-4022-BBAA-72EB017D42C5}.Debug|iPhone.Build.0 = Debug|iPhone
		{09A20975-63F0-49BA-8B60-2CD211AF156F}.Debug|Any CPU.ActiveCfg = Debug|Any CPU
		{09A20975-63F0-49BA-8B60-2CD211AF156F}.Debug|Any CPU.Build.0 = Debug|Any CPU
		{09A20975-63F0-49BA-8B60-2CD211AF156F}.Release|Any CPU.ActiveCfg = Release|Any CPU
		{09A20975-63F0-49BA-8B60-2CD211AF156F}.Release|Any CPU.Build.0 = Release|Any CPU
		{09A20975-63F0-49BA-8B60-2CD211AF156F}.Debug|iPhoneSimulator.ActiveCfg = Debug|Any CPU
		{09A20975-63F0-49BA-8B60-2CD211AF156F}.Debug|iPhoneSimulator.Build.0 = Debug|Any CPU
		{09A20975-63F0-49BA-8B60-2CD211AF156F}.Release|iPhone.ActiveCfg = Release|Any CPU
		{09A20975-63F0-49BA-8B60-2CD211AF156F}.Release|iPhone.Build.0 = Release|Any CPU
		{09A20975-63F0-49BA-8B60-2CD211AF156F}.Release|iPhoneSimulator.ActiveCfg = Release|Any CPU
		{09A20975-63F0-49BA-8B60-2CD211AF156F}.Release|iPhoneSimulator.Build.0 = Release|Any CPU
		{09A20975-63F0-49BA-8B60-2CD211AF156F}.Debug|iPhone.ActiveCfg = Debug|Any CPU
		{09A20975-63F0-49BA-8B60-2CD211AF156F}.Debug|iPhone.Build.0 = Debug|Any CPU
	EndGlobalSection
EndGlobal
